{
  "name": "AI_Research_Assistant",
  "version": "1.0.0",
  "lockfileVersion": 3,
  "requires": true,
  "packages": {
    "": {
      "name": "AI_Research_Assistant",
      "version": "1.0.0",
      "dependencies": {
        "appwrite": "^21.4.0"
      }
    },
    "node_modules/appwrite": {
      "version": "21.4.0",
      "resolved": "https://registry.npmjs.org/appwrite/-/appwrite-21.4.0.tgz",
      "integrity": "sha512-xlLYTRj6jYKZrZhpmSlDRa8PARdn6wjXY1EWr1Fv5mbnbHDt8Jse+NCqNC6GRVVcVZgNorpjLgP5Xn/N3yph0w==",
      "license": "BSD-3-Clause"
    }
  }
}
